
Microsoft Visual Studio Solution File, Format Version 12.00
# Visual Studio Version 17
VisualStudioVersion = 17.12.35728.132 d17.12
MinimumVisualStudioVersion = 10.0.40219.1
Project("{FAE04EC0-301F-11D3-BF4B-00C04F79EFBC}") = "MonoPhysics", "MonoPhysics\MonoPhysics.csproj", "{4E156074-211B-4BD2-B554-0AFC9F2285B8}"
	ProjectSection(ProjectDependencies) = postProject
		{E7BDFF55-46FA-4CAE-95DA-CBC68E22EE2C} = {E7BDFF55-46FA-4CAE-95DA-CBC68E22EE2C}
	EndProjectSection
EndProject
Project("{FAE04EC0-301F-11D3-BF4B-00C04F79EFBC}") = "MonoPhysics.Core", "MonoPhysics.Core\MonoPhysics.Core.csproj", "{E7BDFF55-46FA-4CAE-95DA-CBC68E22EE2C}"
EndProject
Project("{2150E333-8FDC-42A3-9474-1A3956D46DE8}") = "Solution Items", "Solution Items", "{F3742150-E37C-43F9-85B3-5909660C63C8}"
	ProjectSection(SolutionItems) = preProject
		.github\workflows\dotnet.yml = .github\workflows\dotnet.yml
	EndProjectSection
EndProject
Project("{FAE04EC0-301F-11D3-BF4B-00C04F79EFBC}") = "MonoPhysics.Core.Tests", "MonoPhysics.Core.Tests\MonoPhysics.Core.Tests.csproj", "{FC10C125-EADE-419C-A469-E2D0DF38B592}"
	ProjectSection(ProjectDependencies) = postProject
		{E7BDFF55-46FA-4CAE-95DA-CBC68E22EE2C} = {E7BDFF55-46FA-4CAE-95DA-CBC68E22EE2C}
	EndProjectSection
EndProject
Global
	GlobalSection(SolutionConfigurationPlatforms) = preSolution
		Debug|Any CPU = Debug|Any CPU
		Release|Any CPU = Release|Any CPU
	EndGlobalSection
	GlobalSection(ProjectConfigurationPlatforms) = postSolution
		{4E156074-211B-4BD2-B554-0AFC9F2285B8}.Debug|Any CPU.ActiveCfg = Debug|Any CPU
		{4E156074-211B-4BD2-B554-0AFC9F2285B8}.Debug|Any CPU.Build.0 = Debug|Any CPU
		{4E156074-211B-4BD2-B554-0AFC9F2285B8}.Release|Any CPU.ActiveCfg = Release|Any CPU
		{4E156074-211B-4BD2-B554-0AFC9F2285B8}.Release|Any CPU.Build.0 = Release|Any CPU
		{E7BDFF55-46FA-4CAE-95DA-CBC68E22EE2C}.Debug|Any CPU.ActiveCfg = Debug|Any CPU
		{E7BDFF55-46FA-4CAE-95DA-CBC68E22EE2C}.Debug|Any CPU.Build.0 = Debug|Any CPU
		{E7BDFF55-46FA-4CAE-95DA-CBC68E22EE2C}.Release|Any CPU.ActiveCfg = Release|Any CPU
		{E7BDFF55-46FA-4CAE-95DA-CBC68E22EE2C}.Release|Any CPU.Build.0 = Release|Any CPU
		{FC10C125-EADE-419C-A469-E2D0DF38B592}.Debug|Any CPU.ActiveCfg = Debug|Any CPU
		{FC10C125-EADE-419C-A469-E2D0DF38B592}.Debug|Any CPU.Build.0 = Debug|Any CPU
		{FC10C125-EADE-419C-A469-E2D0DF38B592}.Release|Any CPU.ActiveCfg = Release|Any CPU
		{FC10C125-EADE-419C-A469-E2D0DF38B592}.Release|Any CPU.Build.0 = Release|Any CPU
	EndGlobalSection
	GlobalSection(SolutionProperties) = preSolution
		HideSolutionNode = FALSE
	EndGlobalSection
EndGlobal
